
Microsoft Visual Studio Solution File, Format Version 12.00
# Visual Studio Version 16
VisualStudioVersion = 16.0.30105.148
MinimumVisualStudioVersion = 10.0.40219.1
Project("{2150E333-8FDC-42A3-9474-1A3956D46DE8}") = "src", "src", "{722292DD-B4E9-43FF-A07E-B13D591698E1}"
EndProject
Project("{9A19103F-16F7-4668-BE54-9A1E7A4F7556}") = "Xamarin.Forms.StateManager", "src\Xamarin.Forms.StateManager\Xamarin.Forms.StateManager.csproj", "{86A4A238-8C7B-4362-A93D-896729C011DF}"
EndProject
Project("{2150E333-8FDC-42A3-9474-1A3956D46DE8}") = "sandbox", "sandbox", "{F479BD33-19E2-4813-A096-91793886A38B}"
EndProject
Project("{9A19103F-16F7-4668-BE54-9A1E7A4F7556}") = "MyStateApp", "sandbox\MyStateApp\MyStateApp\MyStateApp.csproj", "{C5149E23-276F-4E3B-A1C9-7718C27A7D2B}"
EndProject
Project("{FAE04EC0-301F-11D3-BF4B-00C04F79EFBC}") = "MyStateApp.Android", "sandbox\MyStateApp\MyStateApp.Android\MyStateApp.Android.csproj", "{CA30D70B-D169-4E6A-8739-150B8A6345A7}"
EndProject
Project("{FAE04EC0-301F-11D3-BF4B-00C04F79EFBC}") = "MyStateApp.iOS", "sandbox\MyStateApp\MyStateApp.iOS\MyStateApp.iOS.csproj", "{C313689D-2F73-462B-99D5-803D707D0922}"
EndProject
Project("{2150E333-8FDC-42A3-9474-1A3956D46DE8}") = "tests", "tests", "{36F0CA83-A9FA-4900-86ED-63E8B33E6143}"
EndProject
Project("{9A19103F-16F7-4668-BE54-9A1E7A4F7556}") = "Xamarin.Forms.StateManager.Tests", "tests\Xamarin.Forms.StateManager.Tests\Xamarin.Forms.StateManager.Tests.csproj", "{06F99F15-E74D-4B69-9BC6-BA67539A18D0}"
EndProject
Project("{2150E333-8FDC-42A3-9474-1A3956D46DE8}") = "Solution Items", "Solution Items", "{C9246B9A-AF2E-4F40-B101-14008FB65448}"
	ProjectSection(SolutionItems) = preProject
		.gitattributes = .gitattributes
		.gitignore = .gitignore
		README.md = README.md
	EndProjectSection
EndProject
Global
	GlobalSection(SolutionConfigurationPlatforms) = preSolution
		Debug|Any CPU = Debug|Any CPU
		Debug|iPhone = Debug|iPhone
		Debug|iPhoneSimulator = Debug|iPhoneSimulator
		Release|Any CPU = Release|Any CPU
		Release|iPhone = Release|iPhone
		Release|iPhoneSimulator = Release|iPhoneSimulator
	EndGlobalSection
	GlobalSection(ProjectConfigurationPlatforms) = postSolution
		{86A4A238-8C7B-4362-A93D-896729C011DF}.Debug|Any CPU.ActiveCfg = Debug|Any CPU
		{86A4A238-8C7B-4362-A93D-896729C011DF}.Debug|Any CPU.Build.0 = Debug|Any CPU
		{86A4A238-8C7B-4362-A93D-896729C011DF}.Debug|iPhone.ActiveCfg = Debug|Any CPU
		{86A4A238-8C7B-4362-A93D-896729C011DF}.Debug|iPhone.Build.0 = Debug|Any CPU
		{86A4A238-8C7B-4362-A93D-896729C011DF}.Debug|iPhoneSimulator.ActiveCfg = Debug|Any CPU
		{86A4A238-8C7B-4362-A93D-896729C011DF}.Debug|iPhoneSimulator.Build.0 = Debug|Any CPU
		{86A4A238-8C7B-4362-A93D-896729C011DF}.Release|Any CPU.ActiveCfg = Release|Any CPU
		{86A4A238-8C7B-4362-A93D-896729C011DF}.Release|Any CPU.Build.0 = Release|Any CPU
		{86A4A238-8C7B-4362-A93D-896729C011DF}.Release|iPhone.ActiveCfg = Release|Any CPU
		{86A4A238-8C7B-4362-A93D-896729C011DF}.Release|iPhone.Build.0 = Release|Any CPU
		{86A4A238-8C7B-4362-A93D-896729C011DF}.Release|iPhoneSimulator.ActiveCfg = Release|Any CPU
		{86A4A238-8C7B-4362-A93D-896729C011DF}.Release|iPhoneSimulator.Build.0 = Release|Any CPU
		{C5149E23-276F-4E3B-A1C9-7718C27A7D2B}.Debug|Any CPU.ActiveCfg = Debug|Any CPU
		{C5149E23-276F-4E3B-A1C9-7718C27A7D2B}.Debug|Any CPU.Build.0 = Debug|Any CPU
		{C5149E23-276F-4E3B-A1C9-7718C27A7D2B}.Debug|iPhone.ActiveCfg = Debug|Any CPU
		{C5149E23-276F-4E3B-A1C9-7718C27A7D2B}.Debug|iPhone.Build.0 = Debug|Any CPU
		{C5149E23-276F-4E3B-A1C9-7718C27A7D2B}.Debug|iPhoneSimulator.ActiveCfg = Debug|Any CPU
		{C5149E23-276F-4E3B-A1C9-7718C27A7D2B}.Debug|iPhoneSimulator.Build.0 = Debug|Any CPU
		{C5149E23-276F-4E3B-A1C9-7718C27A7D2B}.Release|Any CPU.ActiveCfg = Release|Any CPU
		{C5149E23-276F-4E3B-A1C9-7718C27A7D2B}.Release|Any CPU.Build.0 = Release|Any CPU
		{C5149E23-276F-4E3B-A1C9-7718C27A7D2B}.Release|iPhone.ActiveCfg = Release|Any CPU
		{C5149E23-276F-4E3B-A1C9-7718C27A7D2B}.Release|iPhone.Build.0 = Release|Any CPU
		{C5149E23-276F-4E3B-A1C9-7718C27A7D2B}.Release|iPhoneSimulator.ActiveCfg = Release|Any CPU
		{C5149E23-276F-4E3B-A1C9-7718C27A7D2B}.Release|iPhoneSimulator.Build.0 = Release|Any CPU
		{CA30D70B-D169-4E6A-8739-150B8A6345A7}.Debug|Any CPU.ActiveCfg = Debug|Any CPU
		{CA30D70B-D169-4E6A-8739-150B8A6345A7}.Debug|Any CPU.Build.0 = Debug|Any CPU
		{CA30D70B-D169-4E6A-8739-150B8A6345A7}.Debug|Any CPU.Deploy.0 = Debug|Any CPU
		{CA30D70B-D169-4E6A-8739-150B8A6345A7}.Debug|iPhone.ActiveCfg = Debug|Any CPU
		{CA30D70B-D169-4E6A-8739-150B8A6345A7}.Debug|iPhone.Build.0 = Debug|Any CPU
		{CA30D70B-D169-4E6A-8739-150B8A6345A7}.Debug|iPhone.Deploy.0 = Debug|Any CPU
		{CA30D70B-D169-4E6A-8739-150B8A6345A7}.Debug|iPhoneSimulator.ActiveCfg = Debug|Any CPU
		{CA30D70B-D169-4E6A-8739-150B8A6345A7}.Debug|iPhoneSimulator.Build.0 = Debug|Any CPU
		{CA30D70B-D169-4E6A-8739-150B8A6345A7}.Debug|iPhoneSimulator.Deploy.0 = Debug|Any CPU
		{CA30D70B-D169-4E6A-8739-150B8A6345A7}.Release|Any CPU.ActiveCfg = Release|Any CPU
		{CA30D70B-D169-4E6A-8739-150B8A6345A7}.Release|Any CPU.Build.0 = Release|Any CPU
		{CA30D70B-D169-4E6A-8739-150B8A6345A7}.Release|Any CPU.Deploy.0 = Release|Any CPU
		{CA30D70B-D169-4E6A-8739-150B8A6345A7}.Release|iPhone.ActiveCfg = Release|Any CPU
		{CA30D70B-D169-4E6A-8739-150B8A6345A7}.Release|iPhone.Build.0 = Release|Any CPU
		{CA30D70B-D169-4E6A-8739-150B8A6345A7}.Release|iPhone.Deploy.0 = Release|Any CPU
		{CA30D70B-D169-4E6A-8739-150B8A6345A7}.Release|iPhoneSimulator.ActiveCfg = Release|Any CPU
		{CA30D70B-D169-4E6A-8739-150B8A6345A7}.Release|iPhoneSimulator.Build.0 = Release|Any CPU
		{CA30D70B-D169-4E6A-8739-150B8A6345A7}.Release|iPhoneSimulator.Deploy.0 = Release|Any CPU
		{C313689D-2F73-462B-99D5-803D707D0922}.Debug|Any CPU.ActiveCfg = Debug|iPhone
		{C313689D-2F73-462B-99D5-803D707D0922}.Debug|iPhone.ActiveCfg = Debug|iPhone
		{C313689D-2F73-462B-99D5-803D707D0922}.Debug|iPhone.Build.0 = Debug|iPhone
		{C313689D-2F73-462B-99D5-803D707D0922}.Debug|iPhoneSimulator.ActiveCfg = Debug|iPhoneSimulator
		{C313689D-2F73-462B-99D5-803D707D0922}.Debug|iPhoneSimulator.Build.0 = Debug|iPhoneSimulator
		{C313689D-2F73-462B-99D5-803D707D0922}.Release|Any CPU.ActiveCfg = Release|iPhone
		{C313689D-2F73-462B-99D5-803D707D0922}.Release|iPhone.ActiveCfg = Release|iPhone
		{C313689D-2F73-462B-99D5-803D707D0922}.Release|iPhone.Build.0 = Release|iPhone
		{C313689D-2F73-462B-99D5-803D707D0922}.Release|iPhoneSimulator.ActiveCfg = Release|iPhoneSimulator
		{C313689D-2F73-462B-99D5-803D707D0922}.Release|iPhoneSimulator.Build.0 = Release|iPhoneSimulator
		{06F99F15-E74D-4B69-9BC6-BA67539A18D0}.Debug|Any CPU.ActiveCfg = Debug|Any CPU
		{06F99F15-E74D-4B69-9BC6-BA67539A18D0}.Debug|Any CPU.Build.0 = Debug|Any CPU
		{06F99F15-E74D-4B69-9BC6-BA67539A18D0}.Debug|iPhone.ActiveCfg = Debug|Any CPU
		{06F99F15-E74D-4B69-9BC6-BA67539A18D0}.Debug|iPhone.Build.0 = Debug|Any CPU
		{06F99F15-E74D-4B69-9BC6-BA67539A18D0}.Debug|iPhoneSimulator.ActiveCfg = Debug|Any CPU
		{06F99F15-E74D-4B69-9BC6-BA67539A18D0}.Debug|iPhoneSimulator.Build.0 = Debug|Any CPU
		{06F99F15-E74D-4B69-9BC6-BA67539A18D0}.Release|Any CPU.ActiveCfg = Release|Any CPU
		{06F99F15-E74D-4B69-9BC6-BA67539A18D0}.Release|Any CPU.Build.0 = Release|Any CPU
		{06F99F15-E74D-4B69-9BC6-BA67539A18D0}.Release|iPhone.ActiveCfg = Release|Any CPU
		{06F99F15-E74D-4B69-9BC6-BA67539A18D0}.Release|iPhone.Build.0 = Release|Any CPU
		{06F99F15-E74D-4B69-9BC6-BA67539A18D0}.Release|iPhoneSimulator.ActiveCfg = Release|Any CPU
		{06F99F15-E74D-4B69-9BC6-BA67539A18D0}.Release|iPhoneSimulator.Build.0 = Release|Any CPU
	EndGlobalSection
	GlobalSection(SolutionProperties) = preSolution
		HideSolutionNode = FALSE
	EndGlobalSection
	GlobalSection(NestedProjects) = preSolution
		{86A4A238-8C7B-4362-A93D-896729C011DF} = {722292DD-B4E9-43FF-A07E-B13D591698E1}
		{C5149E23-276F-4E3B-A1C9-7718C27A7D2B} = {F479BD33-19E2-4813-A096-91793886A38B}
		{CA30D70B-D169-4E6A-8739-150B8A6345A7} = {F479BD33-19E2-4813-A096-91793886A38B}
		{C313689D-2F73-462B-99D5-803D707D0922} = {F479BD33-19E2-4813-A096-91793886A38B}
		{06F99F15-E74D-4B69-9BC6-BA67539A18D0} = {36F0CA83-A9FA-4900-86ED-63E8B33E6143}
	EndGlobalSection
	GlobalSection(ExtensibilityGlobals) = postSolution
		SolutionGuid = {9147B7B4-B246-4C33-BB7F-C9B8344D46DE}
	EndGlobalSection
EndGlobal
